
Microsoft Visual Studio Solution File, Format Version 12.00
# Visual Studio Version 17
VisualStudioVersion = 17.8.34330.188
MinimumVisualStudioVersion = 10.0.40219.1
Project("{FAE04EC0-301F-11D3-BF4B-00C04F79EFBC}") = "M08_Grouping_Proj", "M01_First_WPF_Proj\M08_Grouping_Proj.csproj", "{D56DD0F1-2A75-4A2C-B733-23C3B5AC9322}"
EndProject
Project("{FAE04EC0-301F-11D3-BF4B-00C04F79EFBC}") = "M08_Grouping_ProjTests1", "M08_Grouping_ProjTests1\M08_Grouping_ProjTests1.csproj", "{491CC382-D294-4BDA-9DA8-F40BCFB2A1E8}"
EndProject
Global
	GlobalSection(SolutionConfigurationPlatforms) = preSolution
		Debug|Any CPU = Debug|Any CPU
		Release|Any CPU = Release|Any CPU
	EndGlobalSection
	GlobalSection(ProjectConfigurationPlatforms) = postSolution
		{D56DD0F1-2A75-4A2C-B733-23C3B5AC9322}.Debug|Any CPU.ActiveCfg = Debug|Any CPU
		{D56DD0F1-2A75-4A2C-B733-23C3B5AC9322}.Debug|Any CPU.Build.0 = Debug|Any CPU
		{D56DD0F1-2A75-4A2C-B733-23C3B5AC9322}.Release|Any CPU.ActiveCfg = Release|Any CPU
		{D56DD0F1-2A75-4A2C-B733-23C3B5AC9322}.Release|Any CPU.Build.0 = Release|Any CPU
		{491CC382-D294-4BDA-9DA8-F40BCFB2A1E8}.Debug|Any CPU.ActiveCfg = Debug|Any CPU
		{491CC382-D294-4BDA-9DA8-F40BCFB2A1E8}.Debug|Any CPU.Build.0 = Debug|Any CPU
		{491CC382-D294-4BDA-9DA8-F40BCFB2A1E8}.Release|Any CPU.ActiveCfg = Release|Any CPU
		{491CC382-D294-4BDA-9DA8-F40BCFB2A1E8}.Release|Any CPU.Build.0 = Release|Any CPU
	EndGlobalSection
	GlobalSection(SolutionProperties) = preSolution
		HideSolutionNode = FALSE
	EndGlobalSection
	GlobalSection(ExtensibilityGlobals) = postSolution
		SolutionGuid = {97EAF795-A48E-4273-85F6-C4025BA712C0}
	EndGlobalSection
EndGlobal
