
Microsoft Visual Studio Solution File, Format Version 12.00
Project("{FAE04EC0-301F-11D3-BF4B-00C04F79EFBC}") = "Assignment5-HelpMenu", "Assignment5-HelpMenu\Assignment5-HelpMenu.csproj", "{690ABCC5-3BC0-43E4-BC13-0DFB1FC78703}"
EndProject
Global
	GlobalSection(SolutionConfigurationPlatforms) = preSolution
		Debug|Any CPU = Debug|Any CPU
		Release|Any CPU = Release|Any CPU
	EndGlobalSection
	GlobalSection(ProjectConfigurationPlatforms) = postSolution
		{690ABCC5-3BC0-43E4-BC13-0DFB1FC78703}.Debug|Any CPU.ActiveCfg = Debug|Any CPU
		{690ABCC5-3BC0-43E4-BC13-0DFB1FC78703}.Debug|Any CPU.Build.0 = Debug|Any CPU
		{690ABCC5-3BC0-43E4-BC13-0DFB1FC78703}.Release|Any CPU.ActiveCfg = Release|Any CPU
		{690ABCC5-3BC0-43E4-BC13-0DFB1FC78703}.Release|Any CPU.Build.0 = Release|Any CPU
	EndGlobalSection
EndGlobal
